{
  "name": "clope-ts",
  "version": "1.0.0",
  "lockfileVersion": 1,
  "requires": true,
  "dependencies": {
    "@types/node": {
      "version": "10.0.4",
      "resolved": "https://registry.npmjs.org/@types/node/-/node-10.0.4.tgz",
      "integrity": "sha512-RisaZmcmCLjRipAY7nVi3fmkIk4Z0JMn8YHdGF6qYMsIDpD0dfzz+3yy2dL5Q5aHWOnqPx51IRxkA44myknJvw==",
      "dev": true
    }
  }
}
